
Microsoft Visual Studio Solution File, Format Version 12.00
# Visual Studio Version 16
VisualStudioVersion = 16.0.31605.320
MinimumVisualStudioVersion = 10.0.40219.1
Project("{FAE04EC0-301F-11D3-BF4B-00C04F79EFBC}") = "SignUPApp", "SignUPApp\SignUPApp.csproj", "{0744CAA9-4740-4AA3-BDF6-C24144CE9A59}"
EndProject
Global
	GlobalSection(SolutionConfigurationPlatforms) = preSolution
		Debug|Any CPU = Debug|Any CPU
		Release|Any CPU = Release|Any CPU
	EndGlobalSection
	GlobalSection(ProjectConfigurationPlatforms) = postSolution
		{0744CAA9-4740-4AA3-BDF6-C24144CE9A59}.Debug|Any CPU.ActiveCfg = Debug|Any CPU
		{0744CAA9-4740-4AA3-BDF6-C24144CE9A59}.Debug|Any CPU.Build.0 = Debug|Any CPU
		{0744CAA9-4740-4AA3-BDF6-C24144CE9A59}.Release|Any CPU.ActiveCfg = Release|Any CPU
		{0744CAA9-4740-4AA3-BDF6-C24144CE9A59}.Release|Any CPU.Build.0 = Release|Any CPU
	EndGlobalSection
	GlobalSection(SolutionProperties) = preSolution
		HideSolutionNode = FALSE
	EndGlobalSection
	GlobalSection(ExtensibilityGlobals) = postSolution
		SolutionGuid = {6CD92DEC-3F01-4F77-BB74-9D4B800DE0EE}
	EndGlobalSection
EndGlobal
